
Microsoft Visual Studio Solution File, Format Version 12.00
# Visual Studio Version 18
VisualStudioVersion = 18.7.11925.98
MinimumVisualStudioVersion = 10.0.40219.1
Project("{FAE04EC0-301F-11D3-BF4B-00C04F79EFBC}") = "Rumos.ShopMate.ConsoleApp", "Rumos.ShopMate.ConsoleApp\Rumos.ShopMate.ConsoleApp.csproj", "{D741BD2A-13B4-4D11-A941-33FB28E793C8}"
EndProject
Project("{FAE04EC0-301F-11D3-BF4B-00C04F79EFBC}") = "Rumos.ShopMate.Domain", "Rumos.ShopMate.Domain\Rumos.ShopMate.Domain.csproj", "{1D17E189-0E03-4041-A8E4-DD072670CA3D}"
EndProject
Project("{FAE04EC0-301F-11D3-BF4B-00C04F79EFBC}") = "Rumos.ShopMate.Data", "Rumos.ShopMate.Data\Rumos.ShopMate.Data.csproj", "{00FCFB25-44AC-4ACC-8AEC-32BF4B00275F}"
EndProject
Project("{FAE04EC0-301F-11D3-BF4B-00C04F79EFBC}") = "Rumos.ShopMate.Tests", "Rumos.ShopMate.Tests\Rumos.ShopMate.Tests.csproj", "{7B58F9F4-37B7-45F1-B3AA-43DCBA19AFED}"
EndProject
Project("{FAE04EC0-301F-11D3-BF4B-00C04F79EFBC}") = "Rumos.Acd.DataDemo", "Rumos.Acd.DataDemo\Rumos.Acd.DataDemo.csproj", "{72E60A8A-2C24-43CB-9CF1-B75D73ABC1E1}"
EndProject
Global
	GlobalSection(SolutionConfigurationPlatforms) = preSolution
		Debug|Any CPU = Debug|Any CPU
		Debug|x64 = Debug|x64
		Debug|x86 = Debug|x86
		Release|Any CPU = Release|Any CPU
		Release|x64 = Release|x64
		Release|x86 = Release|x86
	EndGlobalSection
	GlobalSection(ProjectConfigurationPlatforms) = postSolution
		{D741BD2A-13B4-4D11-A941-33FB28E793C8}.Debug|Any CPU.ActiveCfg = Debug|Any CPU
		{D741BD2A-13B4-4D11-A941-33FB28E793C8}.Debug|Any CPU.Build.0 = Debug|Any CPU
		{D741BD2A-13B4-4D11-A941-33FB28E793C8}.Debug|x64.ActiveCfg = Debug|Any CPU
		{D741BD2A-13B4-4D11-A941-33FB28E793C8}.Debug|x64.Build.0 = Debug|Any CPU
		{D741BD2A-13B4-4D11-A941-33FB28E793C8}.Debug|x86.ActiveCfg = Debug|Any CPU
		{D741BD2A-13B4-4D11-A941-33FB28E793C8}.Debug|x86.Build.0 = Debug|Any CPU
		{D741BD2A-13B4-4D11-A941-33FB28E793C8}.Release|Any CPU.ActiveCfg = Release|Any CPU
		{D741BD2A-13B4-4D11-A941-33FB28E793C8}.Release|Any CPU.Build.0 = Release|Any CPU
		{D741BD2A-13B4-4D11-A941-33FB28E793C8}.Release|x64.ActiveCfg = Release|Any CPU
		{D741BD2A-13B4-4D11-A941-33FB28E793C8}.Release|x64.Build.0 = Release|Any CPU
		{D741BD2A-13B4-4D11-A941-33FB28E793C8}.Release|x86.ActiveCfg = Release|Any CPU
		{D741BD2A-13B4-4D11-A941-33FB28E793C8}.Release|x86.Build.0 = Release|Any CPU
		{1D17E189-0E03-4041-A8E4-DD072670CA3D}.Debug|Any CPU.ActiveCfg = Debug|Any CPU
		{1D17E189-0E03-4041-A8E4-DD072670CA3D}.Debug|Any CPU.Build.0 = Debug|Any CPU
		{1D17E189-0E03-4041-A8E4-DD072670CA3D}.Debug|x64.ActiveCfg = Debug|Any CPU
		{1D17E189-0E03-4041-A8E4-DD072670CA3D}.Debug|x64.Build.0 = Debug|Any CPU
		{1D17E189-0E03-4041-A8E4-DD072670CA3D}.Debug|x86.ActiveCfg = Debug|Any CPU
		{1D17E189-0E03-4041-A8E4-DD072670CA3D}.Debug|x86.Build.0 = Debug|Any CPU
		{1D17E189-0E03-4041-A8E4-DD072670CA3D}.Release|Any CPU.ActiveCfg = Release|Any CPU
		{1D17E189-0E03-4041-A8E4-DD072670CA3D}.Release|Any CPU.Build.0 = Release|Any CPU
		{1D17E189-0E03-4041-A8E4-DD072670CA3D}.Release|x64.ActiveCfg = Release|Any CPU
		{1D17E189-0E03-4041-A8E4-DD072670CA3D}.Release|x64.Build.0 = Release|Any CPU
		{1D17E189-0E03-4041-A8E4-DD072670CA3D}.Release|x86.ActiveCfg = Release|Any CPU
		{1D17E189-0E03-4041-A8E4-DD072670CA3D}.Release|x86.Build.0 = Release|Any CPU
		{00FCFB25-44AC-4ACC-8AEC-32BF4B00275F}.Debug|Any CPU.ActiveCfg = Debug|Any CPU
		{00FCFB25-44AC-4ACC-8AEC-32BF4B00275F}.Debug|Any CPU.Build.0 = Debug|Any CPU
		{00FCFB25-44AC-4ACC-8AEC-32BF4B00275F}.Debug|x64.ActiveCfg = Debug|Any CPU
		{00FCFB25-44AC-4ACC-8AEC-32BF4B00275F}.Debug|x64.Build.0 = Debug|Any CPU
		{00FCFB25-44AC-4ACC-8AEC-32BF4B00275F}.Debug|x86.ActiveCfg = Debug|Any CPU
		{00FCFB25-44AC-4ACC-8AEC-32BF4B00275F}.Debug|x86.Build.0 = Debug|Any CPU
		{00FCFB25-44AC-4ACC-8AEC-32BF4B00275F}.Release|Any CPU.ActiveCfg = Release|Any CPU
		{00FCFB25-44AC-4ACC-8AEC-32BF4B00275F}.Release|Any CPU.Build.0 = Release|Any CPU
		{00FCFB25-44AC-4ACC-8AEC-32BF4B00275F}.Release|x64.ActiveCfg = Release|Any CPU
		{00FCFB25-44AC-4ACC-8AEC-32BF4B00275F}.Release|x64.Build.0 = Release|Any CPU
		{00FCFB25-44AC-4ACC-8AEC-32BF4B00275F}.Release|x86.ActiveCfg = Release|Any CPU
		{00FCFB25-44AC-4ACC-8AEC-32BF4B00275F}.Release|x86.Build.0 = Release|Any CPU
		{7B58F9F4-37B7-45F1-B3AA-43DCBA19AFED}.Debug|Any CPU.ActiveCfg = Debug|Any CPU
		{7B58F9F4-37B7-45F1-B3AA-43DCBA19AFED}.Debug|Any CPU.Build.0 = Debug|Any CPU
		{7B58F9F4-37B7-45F1-B3AA-43DCBA19AFED}.Debug|x64.ActiveCfg = Debug|Any CPU
		{7B58F9F4-37B7-45F1-B3AA-43DCBA19AFED}.Debug|x64.Build.0 = Debug|Any CPU
		{7B58F9F4-37B7-45F1-B3AA-43DCBA19AFED}.Debug|x86.ActiveCfg = Debug|Any CPU
		{7B58F9F4-37B7-45F1-B3AA-43DCBA19AFED}.Debug|x86.Build.0 = Debug|Any CPU
		{7B58F9F4-37B7-45F1-B3AA-43DCBA19AFED}.Release|Any CPU.ActiveCfg = Release|Any CPU
		{7B58F9F4-37B7-45F1-B3AA-43DCBA19AFED}.Release|Any CPU.Build.0 = Release|Any CPU
		{7B58F9F4-37B7-45F1-B3AA-43DCBA19AFED}.Release|x64.ActiveCfg = Release|Any CPU
		{7B58F9F4-37B7-45F1-B3AA-43DCBA19AFED}.Release|x64.Build.0 = Release|Any CPU
		{7B58F9F4-37B7-45F1-B3AA-43DCBA19AFED}.Release|x86.ActiveCfg = Release|Any CPU
		{7B58F9F4-37B7-45F1-B3AA-43DCBA19AFED}.Release|x86.Build.0 = Release|Any CPU
		{72E60A8A-2C24-43CB-9CF1-B75D73ABC1E1}.Debug|Any CPU.ActiveCfg = Debug|Any CPU
		{72E60A8A-2C24-43CB-9CF1-B75D73ABC1E1}.Debug|Any CPU.Build.0 = Debug|Any CPU
		{72E60A8A-2C24-43CB-9CF1-B75D73ABC1E1}.Debug|x64.ActiveCfg = Debug|Any CPU
		{72E60A8A-2C24-43CB-9CF1-B75D73ABC1E1}.Debug|x64.Build.0 = Debug|Any CPU
		{72E60A8A-2C24-43CB-9CF1-B75D73ABC1E1}.Debug|x86.ActiveCfg = Debug|Any CPU
		{72E60A8A-2C24-43CB-9CF1-B75D73ABC1E1}.Debug|x86.Build.0 = Debug|Any CPU
		{72E60A8A-2C24-43CB-9CF1-B75D73ABC1E1}.Release|Any CPU.ActiveCfg = Release|Any CPU
		{72E60A8A-2C24-43CB-9CF1-B75D73ABC1E1}.Release|Any CPU.Build.0 = Release|Any CPU
		{72E60A8A-2C24-43CB-9CF1-B75D73ABC1E1}.Release|x64.ActiveCfg = Release|Any CPU
		{72E60A8A-2C24-43CB-9CF1-B75D73ABC1E1}.Release|x64.Build.0 = Release|Any CPU
		{72E60A8A-2C24-43CB-9CF1-B75D73ABC1E1}.Release|x86.ActiveCfg = Release|Any CPU
		{72E60A8A-2C24-43CB-9CF1-B75D73ABC1E1}.Release|x86.Build.0 = Release|Any CPU
	EndGlobalSection
	GlobalSection(SolutionProperties) = preSolution
		HideSolutionNode = FALSE
	EndGlobalSection
	GlobalSection(ExtensibilityGlobals) = postSolution
		SolutionGuid = {DC8167BB-A4AC-4294-ADE8-81F3CCDCA114}
	EndGlobalSection
EndGlobal
